
Microsoft Visual Studio Solution File, Format Version 12.00
# Visual Studio Version 16
VisualStudioVersion = 16.0.808.7
MinimumVisualStudioVersion = 10.0.40219.1
Project("{FAE04EC0-301F-11D3-BF4B-00C04F79EFBC}") = "Taskory.DAL", "Taskory.DAL\Taskory.DAL.csproj", "{C53F8520-E772-48FC-AFCA-E25EAD860CF1}"
EndProject
Project("{FAE04EC0-301F-11D3-BF4B-00C04F79EFBC}") = "Taskory.Logic", "Taskory.Logic\Taskory.Logic.csproj", "{0282E276-78D7-43B9-8B8D-1B4E77B1555E}"
EndProject
Project("{FAE04EC0-301F-11D3-BF4B-00C04F79EFBC}") = "Taskory.API", "Taskory.API\Taskory.API.csproj", "{BA125E4A-605D-481E-8263-014DA318B47F}"
EndProject
Global
	GlobalSection(SolutionConfigurationPlatforms) = preSolution
		Debug|Any CPU = Debug|Any CPU
		Release|Any CPU = Release|Any CPU
	EndGlobalSection
	GlobalSection(ProjectConfigurationPlatforms) = postSolution
		{C53F8520-E772-48FC-AFCA-E25EAD860CF1}.Debug|Any CPU.ActiveCfg = Debug|Any CPU
		{C53F8520-E772-48FC-AFCA-E25EAD860CF1}.Debug|Any CPU.Build.0 = Debug|Any CPU
		{C53F8520-E772-48FC-AFCA-E25EAD860CF1}.Release|Any CPU.ActiveCfg = Release|Any CPU
		{C53F8520-E772-48FC-AFCA-E25EAD860CF1}.Release|Any CPU.Build.0 = Release|Any CPU
		{0282E276-78D7-43B9-8B8D-1B4E77B1555E}.Debug|Any CPU.ActiveCfg = Debug|Any CPU
		{0282E276-78D7-43B9-8B8D-1B4E77B1555E}.Debug|Any CPU.Build.0 = Debug|Any CPU
		{0282E276-78D7-43B9-8B8D-1B4E77B1555E}.Release|Any CPU.ActiveCfg = Release|Any CPU
		{0282E276-78D7-43B9-8B8D-1B4E77B1555E}.Release|Any CPU.Build.0 = Release|Any CPU
		{BA125E4A-605D-481E-8263-014DA318B47F}.Debug|Any CPU.ActiveCfg = Debug|Any CPU
		{BA125E4A-605D-481E-8263-014DA318B47F}.Debug|Any CPU.Build.0 = Debug|Any CPU
		{BA125E4A-605D-481E-8263-014DA318B47F}.Release|Any CPU.ActiveCfg = Release|Any CPU
		{BA125E4A-605D-481E-8263-014DA318B47F}.Release|Any CPU.Build.0 = Release|Any CPU
	EndGlobalSection
	GlobalSection(SolutionProperties) = preSolution
		HideSolutionNode = FALSE
	EndGlobalSection
	GlobalSection(ExtensibilityGlobals) = postSolution
		SolutionGuid = {2179AFCE-71D4-4518-B211-B57C31DF2D10}
	EndGlobalSection
EndGlobal
